// !$*UTF8*$!
{
	archiveVersion = 1;
	classes = {
	};
	objectVersion = 56;
	objects = {

/* Begin PBXBuildFile section */
		84B39AD52B7933ED001BB4D4 /* AppDelegate.swift in Sources */ = {isa = PBXBuildFile; fileRef = 84B39AD42B7933ED001BB4D4 /* AppDelegate.swift */; };
		84B39AD72B7933ED001BB4D4 /* SceneDelegate.swift in Sources */ = {isa = PBXBuildFile; fileRef = 84B39AD62B7933ED001BB4D4 /* SceneDelegate.swift */; };
		84B39AD92B7933ED001BB4D4 /* ViewController.swift in Sources */ = {isa = PBXBuildFile; fileRef = 84B39AD82B7933ED001BB4D4 /* ViewController.swift */; };
		84B39ADE2B7933EE001BB4D4 /* Assets.xcassets in Resources */ = {isa = PBXBuildFile; fileRef = 84B39ADD2B7933EE001BB4D4 /* Assets.xcassets */; };
		84B39AE12B7933EE001BB4D4 /* LaunchScreen.storyboard in Resources */ = {isa = PBXBuildFile; fileRef = 84B39ADF2B7933EE001BB4D4 /* LaunchScreen.storyboard */; };
		84B39AFA2B79435D001BB4D4 /* Roboto-Medium.ttf in Resources */ = {isa = PBXBuildFile; fileRef = 84B39AED2B79435D001BB4D4 /* Roboto-Medium.ttf */; };
		84B39AFB2B79435D001BB4D4 /* Roboto-Light.ttf in Resources */ = {isa = PBXBuildFile; fileRef = 84B39AEE2B79435D001BB4D4 /* Roboto-Light.ttf */; };
		84B39AFC2B79435D001BB4D4 /* Roboto-Regular.ttf in Resources */ = {isa = PBXBuildFile; fileRef = 84B39AEF2B79435D001BB4D4 /* Roboto-Regular.ttf */; };
		84B39AFD2B79435D001BB4D4 /* Roboto-MediumItalic.ttf in Resources */ = {isa = PBXBuildFile; fileRef = 84B39AF02B79435D001BB4D4 /* Roboto-MediumItalic.ttf */; };
		84B39AFE2B79435D001BB4D4 /* Roboto-ThinItalic.ttf in Resources */ = {isa = PBXBuildFile; fileRef = 84B39AF12B79435D001BB4D4 /* Roboto-ThinItalic.ttf */; };
		84B39AFF2B79435D001BB4D4 /* Roboto-BoldItalic.ttf in Resources */ = {isa = PBXBuildFile; fileRef = 84B39AF22B79435D001BB4D4 /* Roboto-BoldItalic.ttf */; };
		84B39B002B79435D001BB4D4 /* Roboto-LightItalic.ttf in Resources */ = {isa = PBXBuildFile; fileRef = 84B39AF32B79435D001BB4D4 /* Roboto-LightItalic.ttf */; };
		84B39B012B79435D001BB4D4 /* Roboto-Italic.ttf in Resources */ = {isa = PBXBuildFile; fileRef = 84B39AF42B79435D001BB4D4 /* Roboto-Italic.ttf */; };
		84B39B022B79435D001BB4D4 /* LICENSE.txt in Resources */ = {isa = PBXBuildFile; fileRef = 84B39AF52B79435D001BB4D4 /* LICENSE.txt */; };
		84B39B032B79435D001BB4D4 /* Roboto-BlackItalic.ttf in Resources */ = {isa = PBXBuildFile; fileRef = 84B39AF62B79435D001BB4D4 /* Roboto-BlackItalic.ttf */; };
		84B39B042B79435D001BB4D4 /* Roboto-Bold.ttf in Resources */ = {isa = PBXBuildFile; fileRef = 84B39AF72B79435D001BB4D4 /* Roboto-Bold.ttf */; };
		84B39B052B79435D001BB4D4 /* Roboto-Thin.ttf in Resources */ = {isa = PBXBuildFile; fileRef = 84B39AF82B79435D001BB4D4 /* Roboto-Thin.ttf */; };
		84B39B062B79435D001BB4D4 /* Roboto-Black.ttf in Resources */ = {isa = PBXBuildFile; fileRef = 84B39AF92B79435D001BB4D4 /* Roboto-Black.ttf */; };
/* End PBXBuildFile section */

/* Begin PBXFileReference section */
		84B39AD12B7933ED001BB4D4 /* FoodDeliveryApp.app */ = {isa = PBXFileReference; explicitFileType = wrapper.application; includeInIndex = 0; path = FoodDeliveryApp.app; sourceTree = BUILT_PRODUCTS_DIR; };
		84B39AD42B7933ED001BB4D4 /* AppDelegate.swift */ = {isa = PBXFileReference; lastKnownFileType = sourcecode.swift; path = AppDelegate.swift; sourceTree = "<group>"; };
		84B39AD62B7933ED001BB4D4 /* SceneDelegate.swift */ = {isa = PBXFileReference; lastKnownFileType = sourcecode.swift; path = SceneDelegate.swift; sourceTree = "<group>"; };
		84B39AD82B7933ED001BB4D4 /* ViewController.swift */ = {isa = PBXFileReference; lastKnownFileType = sourcecode.swift; path = ViewController.swift; sourceTree = "<group>"; };
		84B39ADD2B7933EE001BB4D4 /* Assets.xcassets */ = {isa = PBXFileReference; lastKnownFileType = folder.assetcatalog; path = Assets.xcassets; sourceTree = "<group>"; };
		84B39AE02B7933EE001BB4D4 /* Base */ = {isa = PBXFileReference; lastKnownFileType = file.storyboard; name = Base; path = Base.lproj/LaunchScreen.storyboard; sourceTree = "<group>"; };
		84B39AE22B7933EE001BB4D4 /* Info.plist */ = {isa = PBXFileReference; lastKnownFileType = text.plist.xml; path = Info.plist; sourceTree = "<group>"; };
		84B39AED2B79435D001BB4D4 /* Roboto-Medium.ttf */ = {isa = PBXFileReference; lastKnownFileType = file; path = "Roboto-Medium.ttf"; sourceTree = "<group>"; };
		84B39AEE2B79435D001BB4D4 /* Roboto-Light.ttf */ = {isa = PBXFileReference; lastKnownFileType = file; path = "Roboto-Light.ttf"; sourceTree = "<group>"; };
		84B39AEF2B79435D001BB4D4 /* Roboto-Regular.ttf */ = {isa = PBXFileReference; lastKnownFileType = file; path = "Roboto-Regular.ttf"; sourceTree = "<group>"; };
		84B39AF02B79435D001BB4D4 /* Roboto-MediumItalic.ttf */ = {isa = PBXFileReference; lastKnownFileType = file; path = "Roboto-MediumItalic.ttf"; sourceTree = "<group>"; };
		84B39AF12B79435D001BB4D4 /* Roboto-ThinItalic.ttf */ = {isa = PBXFileReference; lastKnownFileType = file; path = "Roboto-ThinItalic.ttf"; sourceTree = "<group>"; };
		84B39AF22B79435D001BB4D4 /* Roboto-BoldItalic.ttf */ = {isa = PBXFileReference; lastKnownFileType = file; path = "Roboto-BoldItalic.ttf"; sourceTree = "<group>"; };
		84B39AF32B79435D001BB4D4 /* Roboto-LightItalic.ttf */ = {isa = PBXFileReference; lastKnownFileType = file; path = "Roboto-LightItalic.ttf"; sourceTree = "<group>"; };
		84B39AF42B79435D001BB4D4 /* Roboto-Italic.ttf */ = {isa = PBXFileReference; lastKnownFileType = file; path = "Roboto-Italic.ttf"; sourceTree = "<group>"; };
		84B39AF52B79435D001BB4D4 /* LICENSE.txt */ = {isa = PBXFileReference; fileEncoding = 4; lastKnownFileType = text; path = LICENSE.txt; sourceTree = "<group>"; };
		84B39AF62B79435D001BB4D4 /* Roboto-BlackItalic.ttf */ = {isa = PBXFileReference; lastKnownFileType = file; path = "Roboto-BlackItalic.ttf"; sourceTree = "<group>"; };
		84B39AF72B79435D001BB4D4 /* Roboto-Bold.ttf */ = {isa = PBXFileReference; lastKnownFileType = file; path = "Roboto-Bold.ttf"; sourceTree = "<group>"; };
		84B39AF82B79435D001BB4D4 /* Roboto-Thin.ttf */ = {isa = PBXFileReference; lastKnownFileType = file; path = "Roboto-Thin.ttf"; sourceTree = "<group>"; };
		84B39AF92B79435D001BB4D4 /* Roboto-Black.ttf */ = {isa = PBXFileReference; lastKnownFileType = file; path = "Roboto-Black.ttf"; sourceTree = "<group>"; };
/* End PBXFileReference section */

/* Begin PBXFrameworksBuildPhase section */
		84B39ACE2B7933ED001BB4D4 /* Frameworks */ = {
			isa = PBXFrameworksBuildPhase;
			buildActionMask = 2147483647;
			files = (
			);
			runOnlyForDeploymentPostprocessing = 0;
		};
/* End PBXFrameworksBuildPhase section */

/* Begin PBXGroup section */
		84B39AC82B7933ED001BB4D4 = {
			isa = PBXGroup;
			children = (
				84B39AD32B7933ED001BB4D4 /* FoodDeliveryApp */,
				84B39AD22B7933ED001BB4D4 /* Products */,
			);
			sourceTree = "<group>";
		};
		84B39AD22B7933ED001BB4D4 /* Products */ = {
			isa = PBXGroup;
			children = (
				84B39AD12B7933ED001BB4D4 /* FoodDeliveryApp.app */,
			);
			name = Products;
			sourceTree = "<group>";
		};
		84B39AD32B7933ED001BB4D4 /* FoodDeliveryApp */ = {
			isa = PBXGroup;
			children = (
				84B39AE82B7940DF001BB4D4 /* Resources */,
				84B39AD42B7933ED001BB4D4 /* AppDelegate.swift */,
				84B39AD62B7933ED001BB4D4 /* SceneDelegate.swift */,
				84B39AD82B7933ED001BB4D4 /* ViewController.swift */,
				84B39ADD2B7933EE001BB4D4 /* Assets.xcassets */,
				84B39ADF2B7933EE001BB4D4 /* LaunchScreen.storyboard */,
				84B39AE22B7933EE001BB4D4 /* Info.plist */,
			);
			path = FoodDeliveryApp;
			sourceTree = "<group>";
		};
		84B39AE82B7940DF001BB4D4 /* Resources */ = {
			isa = PBXGroup;
			children = (
				84B39AE92B7940EB001BB4D4 /* Fonts */,
			);
			path = Resources;
			sourceTree = "<group>";
		};
		84B39AE92B7940EB001BB4D4 /* Fonts */ = {
			isa = PBXGroup;
			children = (
				84B39AEC2B79435D001BB4D4 /* Roboto */,
			);
			path = Fonts;
			sourceTree = "<group>";
		};
		84B39AEC2B79435D001BB4D4 /* Roboto */ = {
			isa = PBXGroup;
			children = (
				84B39AED2B79435D001BB4D4 /* Roboto-Medium.ttf */,
				84B39AEE2B79435D001BB4D4 /* Roboto-Light.ttf */,
				84B39AEF2B79435D001BB4D4 /* Roboto-Regular.ttf */,
				84B39AF02B79435D001BB4D4 /* Roboto-MediumItalic.ttf */,
				84B39AF12B79435D001BB4D4 /* Roboto-ThinItalic.ttf */,
				84B39AF22B79435D001BB4D4 /* Roboto-BoldItalic.ttf */,
				84B39AF32B79435D001BB4D4 /* Roboto-LightItalic.ttf */,
				84B39AF42B79435D001BB4D4 /* Roboto-Italic.ttf */,
				84B39AF52B79435D001BB4D4 /* LICENSE.txt */,
				84B39AF62B79435D001BB4D4 /* Roboto-BlackItalic.ttf */,
				84B39AF72B79435D001BB4D4 /* Roboto-Bold.ttf */,
				84B39AF82B79435D001BB4D4 /* Roboto-Thin.ttf */,
				84B39AF92B79435D001BB4D4 /* Roboto-Black.ttf */,
			);
			path = Roboto;
			sourceTree = "<group>";
		};
/* End PBXGroup section */

/* Begin PBXNativeTarget section */
		84B39AD02B7933ED001BB4D4 /* FoodDeliveryApp */ = {
			isa = PBXNativeTarget;
			buildConfigurationList = 84B39AE52B7933EE001BB4D4 /* Build configuration list for PBXNativeTarget "FoodDeliveryApp" */;
			buildPhases = (
				84B39ACD2B7933ED001BB4D4 /* Sources */,
				84B39ACE2B7933ED001BB4D4 /* Frameworks */,
				84B39ACF2B7933ED001BB4D4 /* Resources */,
			);
			buildRules = (
			);
			dependencies = (
			);
			name = FoodDeliveryApp;
			productName = FoodDeliveryApp;
			productReference = 84B39AD12B7933ED001BB4D4 /* FoodDeliveryApp.app */;
			productType = "com.apple.product-type.application";
		};
/* End PBXNativeTarget section */

/* Begin PBXProject section */
		84B39AC92B7933ED001BB4D4 /* Project object */ = {
			isa = PBXProject;
			attributes = {
				BuildIndependentTargetsInParallel = 1;
				LastSwiftUpdateCheck = 1520;
				LastUpgradeCheck = 1520;
				TargetAttributes = {
					84B39AD02B7933ED001BB4D4 = {
						CreatedOnToolsVersion = 15.2;
					};
				};
			};
			buildConfigurationList = 84B39ACC2B7933ED001BB4D4 /* Build configuration list for PBXProject "FoodDeliveryApp" */;
			compatibilityVersion = "Xcode 14.0";
			developmentRegion = en;
			hasScannedForEncodings = 0;
			knownRegions = (
				en,
				Base,
			);
			mainGroup = 84B39AC82B7933ED001BB4D4;
			productRefGroup = 84B39AD22B7933ED001BB4D4 /* Products */;
			projectDirPath = "";
			projectRoot = "";
			targets = (
				84B39AD02B7933ED001BB4D4 /* FoodDeliveryApp */,
			);
		};
/* End PBXProject section */

/* Begin PBXResourcesBuildPhase section */
		84B39ACF2B7933ED001BB4D4 /* Resources */ = {
			isa = PBXResourcesBuildPhase;
			buildActionMask = 2147483647;
			files = (
				84B39B052B79435D001BB4D4 /* Roboto-Thin.ttf in Resources */,
				84B39B022B79435D001BB4D4 /* LICENSE.txt in Resources */,
				84B39B062B79435D001BB4D4 /* Roboto-Black.ttf in Resources */,
				84B39B042B79435D001BB4D4 /* Roboto-Bold.ttf in Resources */,
				84B39AE12B7933EE001BB4D4 /* LaunchScreen.storyboard in Resources */,
				84B39ADE2B7933EE001BB4D4 /* Assets.xcassets in Resources */,
				84B39AFF2B79435D001BB4D4 /* Roboto-BoldItalic.ttf in Resources */,
				84B39AFC2B79435D001BB4D4 /* Roboto-Regular.ttf in Resources */,
				84B39AFE2B79435D001BB4D4 /* Roboto-ThinItalic.ttf in Resources */,
				84B39B002B79435D001BB4D4 /* Roboto-LightItalic.ttf in Resources */,
				84B39B032B79435D001BB4D4 /* Roboto-BlackItalic.ttf in Resources */,
				84B39AFB2B79435D001BB4D4 /* Roboto-Light.ttf in Resources */,
				84B39B012B79435D001BB4D4 /* Roboto-Italic.ttf in Resources */,
				84B39AFD2B79435D001BB4D4 /* Roboto-MediumItalic.ttf in Resources */,
				84B39AFA2B79435D001BB4D4 /* Roboto-Medium.ttf in Resources */,
			);
			runOnlyForDeploymentPostprocessing = 0;
		};
/* End PBXResourcesBuildPhase section */

/* Begin PBXSourcesBuildPhase section */
		84B39ACD2B7933ED001BB4D4 /* Sources */ = {
			isa = PBXSourcesBuildPhase;
			buildActionMask = 2147483647;
			files = (
				84B39AD92B7933ED001BB4D4 /* ViewController.swift in Sources */,
				84B39AD52B7933ED001BB4D4 /* AppDelegate.swift in Sources */,
				84B39AD72B7933ED001BB4D4 /* SceneDelegate.swift in Sources */,
			);
			runOnlyForDeploymentPostprocessing = 0;
		};
/* End PBXSourcesBuildPhase section */

/* Begin PBXVariantGroup section */
		84B39ADF2B7933EE001BB4D4 /* LaunchScreen.storyboard */ = {
			isa = PBXVariantGroup;
			children = (
				84B39AE02B7933EE001BB4D4 /* Base */,
			);
			name = LaunchScreen.storyboard;
			sourceTree = "<group>";
		};
/* End PBXVariantGroup section */

/* Begin XCBuildConfiguration section */
		84B39AE32B7933EE001BB4D4 /* Debug */ = {
			isa = XCBuildConfiguration;
			buildSettings = {
				ALWAYS_SEARCH_USER_PATHS = NO;
				ASSETCATALOG_COMPILER_GENERATE_SWIFT_ASSET_SYMBOL_EXTENSIONS = YES;
				CLANG_ANALYZER_NONNULL = YES;
				CLANG_ANALYZER_NUMBER_OBJECT_CONVERSION = YES_AGGRESSIVE;
				CLANG_CXX_LANGUAGE_STANDARD = "gnu++20";
				CLANG_ENABLE_MODULES = YES;
				CLANG_ENABLE_OBJC_ARC = YES;
				CLANG_ENABLE_OBJC_WEAK = YES;
				CLANG_WARN_BLOCK_CAPTURE_AUTORELEASING = YES;
				CLANG_WARN_BOOL_CONVERSION = YES;
				CLANG_WARN_COMMA = YES;
				CLANG_WARN_CONSTANT_CONVERSION = YES;
				CLANG_WARN_DEPRECATED_OBJC_IMPLEMENTATIONS = YES;
				CLANG_WARN_DIRECT_OBJC_ISA_USAGE = YES_ERROR;
				CLANG_WARN_DOCUMENTATION_COMMENTS = YES;
				CLANG_WARN_EMPTY_BODY = YES;
				CLANG_WARN_ENUM_CONVERSION = YES;
				CLANG_WARN_INFINITE_RECURSION = YES;
				CLANG_WARN_INT_CONVERSION = YES;
				CLANG_WARN_NON_LITERAL_NULL_CONVERSION = YES;
				CLANG_WARN_OBJC_IMPLICIT_RETAIN_SELF = YES;
				CLANG_WARN_OBJC_LITERAL_CONVERSION = YES;
				CLANG_WARN_OBJC_ROOT_CLASS = YES_ERROR;
				CLANG_WARN_QUOTED_INCLUDE_IN_FRAMEWORK_HEADER = YES;
				CLANG_WARN_RANGE_LOOP_ANALYSIS = YES;
				CLANG_WARN_STRICT_PROTOTYPES = YES;
				CLANG_WARN_SUSPICIOUS_MOVE = YES;
				CLANG_WARN_UNGUARDED_AVAILABILITY = YES_AGGRESSIVE;
				CLANG_WARN_UNREACHABLE_CODE = YES;
				CLANG_WARN__DUPLICATE_METHOD_MATCH = YES;
				COPY_PHASE_STRIP = NO;
				DEBUG_INFORMATION_FORMAT = dwarf;
				ENABLE_STRICT_OBJC_MSGSEND = YES;
				ENABLE_TESTABILITY = YES;
				ENABLE_USER_SCRIPT_SANDBOXING = YES;
				GCC_C_LANGUAGE_STANDARD = gnu17;
				GCC_DYNAMIC_NO_PIC = NO;
				GCC_NO_COMMON_BLOCKS = YES;
				GCC_OPTIMIZATION_LEVEL = 0;
				GCC_PREPROCESSOR_DEFINITIONS = (
					"DEBUG=1",
					"$(inherited)",
				);
				GCC_WARN_64_TO_32_BIT_CONVERSION = YES;
				GCC_WARN_ABOUT_RETURN_TYPE = YES_ERROR;
				GCC_WARN_UNDECLARED_SELECTOR = YES;
				GCC_WARN_UNINITIALIZED_AUTOS = YES_AGGRESSIVE;
				GCC_WARN_UNUSED_FUNCTION = YES;
				GCC_WARN_UNUSED_VARIABLE = YES;
				IPHONEOS_DEPLOYMENT_TARGET = 17.2;
				LOCALIZATION_PREFERS_STRING_CATALOGS = YES;
				MTL_ENABLE_DEBUG_INFO = INCLUDE_SOURCE;
				MTL_FAST_MATH = YES;
				ONLY_ACTIVE_ARCH = YES;
				SDKROOT = iphoneos;
				SWIFT_ACTIVE_COMPILATION_CONDITIONS = "DEBUG $(inherited)";
				SWIFT_OPTIMIZATION_LEVEL = "-Onone";
			};
			name = Debug;
		};
		84B39AE42B7933EE001BB4D4 /* Release */ = {
			isa = XCBuildConfiguration;
			buildSettings = {
				ALWAYS_SEARCH_USER_PATHS = NO;
				ASSETCATALOG_COMPILER_GENERATE_SWIFT_ASSET_SYMBOL_EXTENSIONS = YES;
				CLANG_ANALYZER_NONNULL = YES;
				CLANG_ANALYZER_NUMBER_OBJECT_CONVERSION = YES_AGGRESSIVE;
				CLANG_CXX_LANGUAGE_STANDARD = "gnu++20";
				CLANG_ENABLE_MODULES = YES;
				CLANG_ENABLE_OBJC_ARC = YES;
				CLANG_ENABLE_OBJC_WEAK = YES;
				CLANG_WARN_BLOCK_CAPTURE_AUTORELEASING = YES;
				CLANG_WARN_BOOL_CONVERSION = YES;
				CLANG_WARN_COMMA = YES;
				CLANG_WARN_CONSTANT_CONVERSION = YES;
				CLANG_WARN_DEPRECATED_OBJC_IMPLEMENTATIONS = YES;
				CLANG_WARN_DIRECT_OBJC_ISA_USAGE = YES_ERROR;
				CLANG_WARN_DOCUMENTATION_COMMENTS = YES;
				CLANG_WARN_EMPTY_BODY = YES;
				CLANG_WARN_ENUM_CONVERSION = YES;
				CLANG_WARN_INFINITE_RECURSION = YES;
				CLANG_WARN_INT_CONVERSION = YES;
				CLANG_WARN_NON_LITERAL_NULL_CONVERSION = YES;
				CLANG_WARN_OBJC_IMPLICIT_RETAIN_SELF = YES;
				CLANG_WARN_OBJC_LITERAL_CONVERSION = YES;
				CLANG_WARN_OBJC_ROOT_CLASS = YES_ERROR;
				CLANG_WARN_QUOTED_INCLUDE_IN_FRAMEWORK_HEADER = YES;
				CLANG_WARN_RANGE_LOOP_ANALYSIS = YES;
				CLANG_WARN_STRICT_PROTOTYPES = YES;
				CLANG_WARN_SUSPICIOUS_MOVE = YES;
				CLANG_WARN_UNGUARDED_AVAILABILITY = YES_AGGRESSIVE;
				CLANG_WARN_UNREACHABLE_CODE = YES;
				CLANG_WARN__DUPLICATE_METHOD_MATCH = YES;
				COPY_PHASE_STRIP = NO;
				DEBUG_INFORMATION_FORMAT = "dwarf-with-dsym";
				ENABLE_NS_ASSERTIONS = NO;
				ENABLE_STRICT_OBJC_MSGSEND = YES;
				ENABLE_USER_SCRIPT_SANDBOXING = YES;
				GCC_C_LANGUAGE_STANDARD = gnu17;
				GCC_NO_COMMON_BLOCKS = YES;
				GCC_WARN_64_TO_32_BIT_CONVERSION = YES;
				GCC_WARN_ABOUT_RETURN_TYPE = YES_ERROR;
				GCC_WARN_UNDECLARED_SELECTOR = YES;
				GCC_WARN_UNINITIALIZED_AUTOS = YES_AGGRESSIVE;
				GCC_WARN_UNUSED_FUNCTION = YES;
				GCC_WARN_UNUSED_VARIABLE = YES;
				IPHONEOS_DEPLOYMENT_TARGET = 17.2;
				LOCALIZATION_PREFERS_STRING_CATALOGS = YES;
				MTL_ENABLE_DEBUG_INFO = NO;
				MTL_FAST_MATH = YES;
				SDKROOT = iphoneos;
				SWIFT_COMPILATION_MODE = wholemodule;
				VALIDATE_PRODUCT = YES;
			};
			name = Release;
		};
		84B39AE62B7933EE001BB4D4 /* Debug */ = {
			isa = XCBuildConfiguration;
			buildSettings = {
				ASSETCATALOG_COMPILER_APPICON_NAME = AppIcon;
				ASSETCATALOG_COMPILER_GLOBAL_ACCENT_COLOR_NAME = AccentColor;
				CODE_SIGN_STYLE = Automatic;
				CURRENT_PROJECT_VERSION = 1;
				DEVELOPMENT_TEAM = 2DBA8HK4QA;
				GENERATE_INFOPLIST_FILE = YES;
				INFOPLIST_FILE = FoodDeliveryApp/Info.plist;
				INFOPLIST_KEY_UIApplicationSupportsIndirectInputEvents = YES;
				INFOPLIST_KEY_UILaunchStoryboardName = LaunchScreen;
				INFOPLIST_KEY_UISupportedInterfaceOrientations_iPad = "UIInterfaceOrientationPortrait UIInterfaceOrientationPortraitUpsideDown UIInterfaceOrientationLandscapeLeft UIInterfaceOrientationLandscapeRight";
				INFOPLIST_KEY_UISupportedInterfaceOrientations_iPhone = "UIInterfaceOrientationPortrait UIInterfaceOrientationLandscapeLeft UIInterfaceOrientationLandscapeRight";
				LD_RUNPATH_SEARCH_PATHS = (
					"$(inherited)",
					"@executable_path/Frameworks",
				);
				MARKETING_VERSION = 1.0;
				PRODUCT_BUNDLE_IDENTIFIER = com.apollo84.FoodDeliveryApp;
				PRODUCT_NAME = "$(TARGET_NAME)";
				SWIFT_EMIT_LOC_STRINGS = YES;
				SWIFT_VERSION = 5.0;
				TARGETED_DEVICE_FAMILY = "1,2";
			};
			name = Debug;
		};
		84B39AE72B7933EE001BB4D4 /* Release */ = {
			isa = XCBuildConfiguration;
			buildSettings = {
				ASSETCATALOG_COMPILER_APPICON_NAME = AppIcon;
				ASSETCATALOG_COMPILER_GLOBAL_ACCENT_COLOR_NAME = AccentColor;
				CODE_SIGN_STYLE = Automatic;
				CURRENT_PROJECT_VERSION = 1;
				DEVELOPMENT_TEAM = 2DBA8HK4QA;
				GENERATE_INFOPLIST_FILE = YES;
				INFOPLIST_FILE = FoodDeliveryApp/Info.plist;
				INFOPLIST_KEY_UIApplicationSupportsIndirectInputEvents = YES;
				INFOPLIST_KEY_UILaunchStoryboardName = LaunchScreen;
				INFOPLIST_KEY_UISupportedInterfaceOrientations_iPad = "UIInterfaceOrientationPortrait UIInterfaceOrientationPortraitUpsideDown UIInterfaceOrientationLandscapeLeft UIInterfaceOrientationLandscapeRight";
				INFOPLIST_KEY_UISupportedInterfaceOrientations_iPhone = "UIInterfaceOrientationPortrait UIInterfaceOrientationLandscapeLeft UIInterfaceOrientationLandscapeRight";
				LD_RUNPATH_SEARCH_PATHS = (
					"$(inherited)",
					"@executable_path/Frameworks",
				);
				MARKETING_VERSION = 1.0;
				PRODUCT_BUNDLE_IDENTIFIER = com.apollo84.FoodDeliveryApp;
				PRODUCT_NAME = "$(TARGET_NAME)";
				SWIFT_EMIT_LOC_STRINGS = YES;
				SWIFT_VERSION = 5.0;
				TARGETED_DEVICE_FAMILY = "1,2";
			};
			name = Release;
		};
/* End XCBuildConfiguration section */

/* Begin XCConfigurationList section */
		84B39ACC2B7933ED001BB4D4 /* Build configuration list for PBXProject "FoodDeliveryApp" */ = {
			isa = XCConfigurationList;
			buildConfigurations = (
				84B39AE32B7933EE001BB4D4 /* Debug */,
				84B39AE42B7933EE001BB4D4 /* Release */,
			);
			defaultConfigurationIsVisible = 0;
			defaultConfigurationName = Release;
		};
		84B39AE52B7933EE001BB4D4 /* Build configuration list for PBXNativeTarget "FoodDeliveryApp" */ = {
			isa = XCConfigurationList;
			buildConfigurations = (
				84B39AE62B7933EE001BB4D4 /* Debug */,
				84B39AE72B7933EE001BB4D4 /* Release */,
			);
			defaultConfigurationIsVisible = 0;
			defaultConfigurationName = Release;
		};
/* End XCConfigurationList section */
	};
	rootObject = 84B39AC92B7933ED001BB4D4 /* Project object */;
}
